// !$*UTF8*$!
{
	archiveVersion = 1;
	classes = {
	};
	objectVersion = 56;
	objects = {

/* Begin PBXBuildFile section */
		9F3432AE2F7E6934008E523C /* GoogleMobileAds in Frameworks */ = {isa = PBXBuildFile; productRef = 9F3432AD2F7E6934008E523C /* GoogleMobileAds */; };
		9F3432B12F7E69D1008E523C /* StoreKit.framework in Frameworks */ = {isa = PBXBuildFile; fileRef = 9F3432B02F7E69D1008E523C /* StoreKit.framework */; };
		9FE571C12E8EC3F6008C4574 /* AdInterstitialManager.swift in Sources */ = {isa = PBXBuildFile; fileRef = 9FE571C02E8EC3F6008C4574 /* AdInterstitialManager.swift */; };
		9FE571C42E8EC43C008C4574 /* GoogleMobileAds in Frameworks */ = {isa = PBXBuildFile; productRef = 9FE571C32E8EC43C008C4574 /* GoogleMobileAds */; };
		9FE571C62E8EC6D2008C4574 /* AdBannerView.swift in Sources */ = {isa = PBXBuildFile; fileRef = 9FE571C52E8EC6D2008C4574 /* AdBannerView.swift */; };
		9FE571C92E911A07008C4574 /* PremiumManager.swift in Sources */ = {isa = PBXBuildFile; fileRef = 9FE571C82E911A07008C4574 /* PremiumManager.swift */; };
		9FE571CB2E912FEB008C4574 /* AnalysisLoaderView.swift in Sources */ = {isa = PBXBuildFile; fileRef = 9FE571CA2E912FEB008C4574 /* AnalysisLoaderView.swift */; };
		9FE571CD2E926F5A008C4574 /* AdInterstitialView.swift in Sources */ = {isa = PBXBuildFile; fileRef = 9FE571CC2E926F5A008C4574 /* AdInterstitialView.swift */; };
		9FEAFB582F961E7300E5ADF9 /* TestPurchases.storekit in Resources */ = {isa = PBXBuildFile; fileRef = 9FEAFB572F961E7300E5ADF9 /* TestPurchases.storekit */; };
		BE015FFF2CF722E500374673 /* DataScore.swift in Sources */ = {isa = PBXBuildFile; fileRef = BE015FFE2CF722DA00374673 /* DataScore.swift */; };
		BE0160012CF7544E00374673 /* CardChartView.swift in Sources */ = {isa = PBXBuildFile; fileRef = BE0160002CF7544E00374673 /* CardChartView.swift */; };
		BE5BAD4D2CE4EE06004ED756 /* CardView.swift in Sources */ = {isa = PBXBuildFile; fileRef = BE5BAD4C2CE4EE06004ED756 /* CardView.swift */; };
		BEA115802CCBEAC40093DA74 /* FriendZoneRiskView.swift in Sources */ = {isa = PBXBuildFile; fileRef = BEA1157F2CCBEAC40093DA74 /* FriendZoneRiskView.swift */; };
		BEA115842CCBF6990093DA74 /* AgeRange.swift in Sources */ = {isa = PBXBuildFile; fileRef = BEA115832CCBF6990093DA74 /* AgeRange.swift */; };
		BEA1158B2CD27BE70093DA74 /* FriendZoneQuestionsList.swift in Sources */ = {isa = PBXBuildFile; fileRef = BEA1158A2CD27BE70093DA74 /* FriendZoneQuestionsList.swift */; };
		BEA1158D2CD27C2A0093DA74 /* FriendZoneQuestion.swift in Sources */ = {isa = PBXBuildFile; fileRef = BEA1158C2CD27C2A0093DA74 /* FriendZoneQuestion.swift */; };
		BEA115912CE204CC0093DA74 /* ContentViewModel.swift in Sources */ = {isa = PBXBuildFile; fileRef = BEA115902CE204CC0093DA74 /* ContentViewModel.swift */; };
		BEDFF07D2CC8FB4800BB69B2 /* FriendZoneApp.swift in Sources */ = {isa = PBXBuildFile; fileRef = BEDFF07C2CC8FB4800BB69B2 /* FriendZoneApp.swift */; };
		BEDFF07F2CC8FB4800BB69B2 /* ContentView.swift in Sources */ = {isa = PBXBuildFile; fileRef = BEDFF07E2CC8FB4800BB69B2 /* ContentView.swift */; };
		BEDFF0832CC8FB4A00BB69B2 /* Assets.xcassets in Resources */ = {isa = PBXBuildFile; fileRef = BEDFF0822CC8FB4A00BB69B2 /* Assets.xcassets */; };
		BEDFF0862CC8FB4A00BB69B2 /* Preview Assets.xcassets in Resources */ = {isa = PBXBuildFile; fileRef = BEDFF0852CC8FB4A00BB69B2 /* Preview Assets.xcassets */; };
		BEDFF0902CC8FBD900BB69B2 /* Question.swift in Sources */ = {isa = PBXBuildFile; fileRef = BEDFF08F2CC8FBD900BB69B2 /* Question.swift */; };
		BEDFF0922CC8FC5E00BB69B2 /* Response.swift in Sources */ = {isa = PBXBuildFile; fileRef = BEDFF0912CC8FC5E00BB69B2 /* Response.swift */; };
		BEDFF0982CC9199F00BB69B2 /* question.json in Resources */ = {isa = PBXBuildFile; fileRef = BEDFF0972CC9199F00BB69B2 /* question.json */; };
		BEDFF09A2CC9345200BB69B2 /* QuestionList.swift in Sources */ = {isa = PBXBuildFile; fileRef = BEDFF0992CC9345200BB69B2 /* QuestionList.swift */; };
		BEDFF09C2CC934F200BB69B2 /* QuestionLoader.swift in Sources */ = {isa = PBXBuildFile; fileRef = BEDFF09B2CC934F200BB69B2 /* QuestionLoader.swift */; };
		BEDFF0A02CCA818900BB69B2 /* IntroducingQuestionView.swift in Sources */ = {isa = PBXBuildFile; fileRef = BEDFF09F2CCA818900BB69B2 /* IntroducingQuestionView.swift */; };
		BEDFF0A22CCB7C5B00BB69B2 /* FormData.swift in Sources */ = {isa = PBXBuildFile; fileRef = BEDFF0A12CCB7C5B00BB69B2 /* FormData.swift */; };
		BEDFF0A42CCB842500BB69B2 /* ResultView.swift in Sources */ = {isa = PBXBuildFile; fileRef = BEDFF0A32CCB842400BB69B2 /* ResultView.swift */; };
		BEE379202CF9BF0D000F41AF /* FormHiddenBackground.swift in Sources */ = {isa = PBXBuildFile; fileRef = BEE3791F2CF9BF0D000F41AF /* FormHiddenBackground.swift */; };
		BEE70E412CEDE6B9000C4B71 /* Result.swift in Sources */ = {isa = PBXBuildFile; fileRef = BEE70E402CEDE6B9000C4B71 /* Result.swift */; };
		BEE70E492CEE1BAE000C4B71 /* result.json in Resources */ = {isa = PBXBuildFile; fileRef = BEE70E482CEE1BAE000C4B71 /* result.json */; };
		BEE70E4B2CEE1BDA000C4B71 /* ResultLoader.swift in Sources */ = {isa = PBXBuildFile; fileRef = BEE70E4A2CEE1BDA000C4B71 /* ResultLoader.swift */; };
		BEE70E4D2CEE21C7000C4B71 /* CommentResponse.swift in Sources */ = {isa = PBXBuildFile; fileRef = BEE70E4C2CEE21C7000C4B71 /* CommentResponse.swift */; };
		BEE70E4F2CEF35DE000C4B71 /* LaunchPage.swift in Sources */ = {isa = PBXBuildFile; fileRef = BEE70E4E2CEF35DE000C4B71 /* LaunchPage.swift */; };
		BEE70E512CEF35FC000C4B71 /* TextShimmer.swift in Sources */ = {isa = PBXBuildFile; fileRef = BEE70E502CEF35FC000C4B71 /* TextShimmer.swift */; };
/* End PBXBuildFile section */

/* Begin PBXFileReference section */
		9F3432B02F7E69D1008E523C /* StoreKit.framework */ = {isa = PBXFileReference; lastKnownFileType = wrapper.framework; name = StoreKit.framework; path = System/Library/Frameworks/StoreKit.framework; sourceTree = SDKROOT; };
		9FE571C02E8EC3F6008C4574 /* AdInterstitialManager.swift */ = {isa = PBXFileReference; lastKnownFileType = sourcecode.swift; path = AdInterstitialManager.swift; sourceTree = "<group>"; };
		9FE571C52E8EC6D2008C4574 /* AdBannerView.swift */ = {isa = PBXFileReference; lastKnownFileType = sourcecode.swift; path = AdBannerView.swift; sourceTree = "<group>"; };
		9FE571C72E8EC754008C4574 /* Info.plist */ = {isa = PBXFileReference; lastKnownFileType = text.plist; path = Info.plist; sourceTree = "<group>"; };
		9FE571C82E911A07008C4574 /* PremiumManager.swift */ = {isa = PBXFileReference; lastKnownFileType = sourcecode.swift; path = PremiumManager.swift; sourceTree = "<group>"; };
		9FE571CA2E912FEB008C4574 /* AnalysisLoaderView.swift */ = {isa = PBXFileReference; lastKnownFileType = sourcecode.swift; path = AnalysisLoaderView.swift; sourceTree = "<group>"; };
		9FE571CC2E926F5A008C4574 /* AdInterstitialView.swift */ = {isa = PBXFileReference; lastKnownFileType = sourcecode.swift; path = AdInterstitialView.swift; sourceTree = "<group>"; };
		9FEAFB572F961E7300E5ADF9 /* TestPurchases.storekit */ = {isa = PBXFileReference; lastKnownFileType = text; path = TestPurchases.storekit; sourceTree = "<group>"; };
		BE015FFE2CF722DA00374673 /* DataScore.swift */ = {isa = PBXFileReference; lastKnownFileType = sourcecode.swift; path = DataScore.swift; sourceTree = "<group>"; };
		BE0160002CF7544E00374673 /* CardChartView.swift */ = {isa = PBXFileReference; lastKnownFileType = sourcecode.swift; path = CardChartView.swift; sourceTree = "<group>"; };
		BE5BAD4C2CE4EE06004ED756 /* CardView.swift */ = {isa = PBXFileReference; lastKnownFileType = sourcecode.swift; path = CardView.swift; sourceTree = "<group>"; };
		BEA1157F2CCBEAC40093DA74 /* FriendZoneRiskView.swift */ = {isa = PBXFileReference; lastKnownFileType = sourcecode.swift; path = FriendZoneRiskView.swift; sourceTree = "<group>"; };
		BEA115832CCBF6990093DA74 /* AgeRange.swift */ = {isa = PBXFileReference; lastKnownFileType = sourcecode.swift; path = AgeRange.swift; sourceTree = "<group>"; };
		BEA1158A2CD27BE70093DA74 /* FriendZoneQuestionsList.swift */ = {isa = PBXFileReference; lastKnownFileType = sourcecode.swift; path = FriendZoneQuestionsList.swift; sourceTree = "<group>"; };
		BEA1158C2CD27C2A0093DA74 /* FriendZoneQuestion.swift */ = {isa = PBXFileReference; lastKnownFileType = sourcecode.swift; path = FriendZoneQuestion.swift; sourceTree = "<group>"; };
		BEA115902CE204CC0093DA74 /* ContentViewModel.swift */ = {isa = PBXFileReference; lastKnownFileType = sourcecode.swift; path = ContentViewModel.swift; sourceTree = "<group>"; };
		BEDFF0792CC8FB4800BB69B2 /* FriendZone.app */ = {isa = PBXFileReference; explicitFileType = wrapper.application; includeInIndex = 0; path = FriendZone.app; sourceTree = BUILT_PRODUCTS_DIR; };
		BEDFF07C2CC8FB4800BB69B2 /* FriendZoneApp.swift */ = {isa = PBXFileReference; lastKnownFileType = sourcecode.swift; path = FriendZoneApp.swift; sourceTree = "<group>"; };
		BEDFF07E2CC8FB4800BB69B2 /* ContentView.swift */ = {isa = PBXFileReference; lastKnownFileType = sourcecode.swift; path = ContentView.swift; sourceTree = "<group>"; };
		BEDFF0822CC8FB4A00BB69B2 /* Assets.xcassets */ = {isa = PBXFileReference; lastKnownFileType = folder.assetcatalog; path = Assets.xcassets; sourceTree = "<group>"; };
		BEDFF0852CC8FB4A00BB69B2 /* Preview Assets.xcassets */ = {isa = PBXFileReference; lastKnownFileType = folder.assetcatalog; path = "Preview Assets.xcassets"; sourceTree = "<group>"; };
		BEDFF08F2CC8FBD900BB69B2 /* Question.swift */ = {isa = PBXFileReference; lastKnownFileType = sourcecode.swift; path = Question.swift; sourceTree = "<group>"; };
		BEDFF0912CC8FC5E00BB69B2 /* Response.swift */ = {isa = PBXFileReference; lastKnownFileType = sourcecode.swift; path = Response.swift; sourceTree = "<group>"; };
		BEDFF0972CC9199F00BB69B2 /* question.json */ = {isa = PBXFileReference; fileEncoding = 4; lastKnownFileType = text.json; path = question.json; sourceTree = SOURCE_ROOT; };
		BEDFF0992CC9345200BB69B2 /* QuestionList.swift */ = {isa = PBXFileReference; lastKnownFileType = sourcecode.swift; path = QuestionList.swift; sourceTree = "<group>"; };
		BEDFF09B2CC934F200BB69B2 /* QuestionLoader.swift */ = {isa = PBXFileReference; lastKnownFileType = sourcecode.swift; path = QuestionLoader.swift; sourceTree = "<group>"; };
		BEDFF09F2CCA818900BB69B2 /* IntroducingQuestionView.swift */ = {isa = PBXFileReference; lastKnownFileType = sourcecode.swift; path = IntroducingQuestionView.swift; sourceTree = "<group>"; };
		BEDFF0A12CCB7C5B00BB69B2 /* FormData.swift */ = {isa = PBXFileReference; lastKnownFileType = sourcecode.swift; path = FormData.swift; sourceTree = "<group>"; };
		BEDFF0A32CCB842400BB69B2 /* ResultView.swift */ = {isa = PBXFileReference; lastKnownFileType = sourcecode.swift; path = ResultView.swift; sourceTree = "<group>"; };
		BEE3791F2CF9BF0D000F41AF /* FormHiddenBackground.swift */ = {isa = PBXFileReference; lastKnownFileType = sourcecode.swift; path = FormHiddenBackground.swift; sourceTree = "<group>"; };
		BEE70E402CEDE6B9000C4B71 /* Result.swift */ = {isa = PBXFileReference; lastKnownFileType = sourcecode.swift; path = Result.swift; sourceTree = "<group>"; };
		BEE70E482CEE1BAE000C4B71 /* result.json */ = {isa = PBXFileReference; fileEncoding = 4; lastKnownFileType = text.json; path = result.json; sourceTree = SOURCE_ROOT; };
		BEE70E4A2CEE1BDA000C4B71 /* ResultLoader.swift */ = {isa = PBXFileReference; lastKnownFileType = sourcecode.swift; path = ResultLoader.swift; sourceTree = "<group>"; };
		BEE70E4C2CEE21C7000C4B71 /* CommentResponse.swift */ = {isa = PBXFileReference; lastKnownFileType = sourcecode.swift; path = CommentResponse.swift; sourceTree = "<group>"; };
		BEE70E4E2CEF35DE000C4B71 /* LaunchPage.swift */ = {isa = PBXFileReference; lastKnownFileType = sourcecode.swift; path = LaunchPage.swift; sourceTree = "<group>"; };
		BEE70E502CEF35FC000C4B71 /* TextShimmer.swift */ = {isa = PBXFileReference; lastKnownFileType = sourcecode.swift; path = TextShimmer.swift; sourceTree = "<group>"; };
/* End PBXFileReference section */

/* Begin PBXFrameworksBuildPhase section */
		BEDFF0762CC8FB4800BB69B2 /* Frameworks */ = {
			isa = PBXFrameworksBuildPhase;
			buildActionMask = 2147483647;
			files = (
				9F3432B12F7E69D1008E523C /* StoreKit.framework in Frameworks */,
				9F3432AE2F7E6934008E523C /* GoogleMobileAds in Frameworks */,
				9FE571C42E8EC43C008C4574 /* GoogleMobileAds in Frameworks */,
			);
			runOnlyForDeploymentPostprocessing = 0;
		};
/* End PBXFrameworksBuildPhase section */

/* Begin PBXGroup section */
		9F3432AF2F7E69D1008E523C /* Frameworks */ = {
			isa = PBXGroup;
			children = (
				9F3432B02F7E69D1008E523C /* StoreKit.framework */,
			);
			name = Frameworks;
			sourceTree = "<group>";
		};
		BEDFF0702CC8FB4800BB69B2 = {
			isa = PBXGroup;
			children = (
				BEDFF07B2CC8FB4800BB69B2 /* FriendZone */,
				9F3432AF2F7E69D1008E523C /* Frameworks */,
				BEDFF07A2CC8FB4800BB69B2 /* Products */,
			);
			sourceTree = "<group>";
		};
		BEDFF07A2CC8FB4800BB69B2 /* Products */ = {
			isa = PBXGroup;
			children = (
				BEDFF0792CC8FB4800BB69B2 /* FriendZone.app */,
			);
			name = Products;
			sourceTree = "<group>";
		};
		BEDFF07B2CC8FB4800BB69B2 /* FriendZone */ = {
			isa = PBXGroup;
			children = (
				9FE571C72E8EC754008C4574 /* Info.plist */,
				BEDFF0972CC9199F00BB69B2 /* question.json */,
				BEE70E482CEE1BAE000C4B71 /* result.json */,
				BEDFF08E2CC8FBB500BB69B2 /* View */,
				BEDFF08D2CC8FBAC00BB69B2 /* Model */,
				BEDFF08C2CC8FB9300BB69B2 /* ViewModel */,
				BEDFF07C2CC8FB4800BB69B2 /* FriendZoneApp.swift */,
				BEDFF0822CC8FB4A00BB69B2 /* Assets.xcassets */,
				BEDFF0842CC8FB4A00BB69B2 /* Preview Content */,
				9FEAFB572F961E7300E5ADF9 /* TestPurchases.storekit */,
			);
			path = FriendZone;
			sourceTree = "<group>";
		};
		BEDFF0842CC8FB4A00BB69B2 /* Preview Content */ = {
			isa = PBXGroup;
			children = (
				BEDFF0852CC8FB4A00BB69B2 /* Preview Assets.xcassets */,
			);
			path = "Preview Content";
			sourceTree = "<group>";
		};
		BEDFF08C2CC8FB9300BB69B2 /* ViewModel */ = {
			isa = PBXGroup;
			children = (
				9FE571C02E8EC3F6008C4574 /* AdInterstitialManager.swift */,
				BEDFF09B2CC934F200BB69B2 /* QuestionLoader.swift */,
				BEDFF0A12CCB7C5B00BB69B2 /* FormData.swift */,
				BEA115902CE204CC0093DA74 /* ContentViewModel.swift */,
				BEE70E4A2CEE1BDA000C4B71 /* ResultLoader.swift */,
				9FE571C82E911A07008C4574 /* PremiumManager.swift */,
			);
			path = ViewModel;
			sourceTree = "<group>";
		};
		BEDFF08D2CC8FBAC00BB69B2 /* Model */ = {
			isa = PBXGroup;
			children = (
				BE015FFE2CF722DA00374673 /* DataScore.swift */,
				BEDFF08F2CC8FBD900BB69B2 /* Question.swift */,
				BEDFF0912CC8FC5E00BB69B2 /* Response.swift */,
				BEDFF0992CC9345200BB69B2 /* QuestionList.swift */,
				BEA115832CCBF6990093DA74 /* AgeRange.swift */,
				BEA1158A2CD27BE70093DA74 /* FriendZoneQuestionsList.swift */,
				BEA1158C2CD27C2A0093DA74 /* FriendZoneQuestion.swift */,
				BEE70E402CEDE6B9000C4B71 /* Result.swift */,
				BEE70E4C2CEE21C7000C4B71 /* CommentResponse.swift */,
			);
			path = Model;
			sourceTree = "<group>";
		};
		BEDFF08E2CC8FBB500BB69B2 /* View */ = {
			isa = PBXGroup;
			children = (
				BEDFF07E2CC8FB4800BB69B2 /* ContentView.swift */,
				BEDFF09F2CCA818900BB69B2 /* IntroducingQuestionView.swift */,
				BEDFF0A32CCB842400BB69B2 /* ResultView.swift */,
				BEA1157F2CCBEAC40093DA74 /* FriendZoneRiskView.swift */,
				BE5BAD4C2CE4EE06004ED756 /* CardView.swift */,
				BEE70E4E2CEF35DE000C4B71 /* LaunchPage.swift */,
				BEE70E502CEF35FC000C4B71 /* TextShimmer.swift */,
				BE0160002CF7544E00374673 /* CardChartView.swift */,
				BEE3791F2CF9BF0D000F41AF /* FormHiddenBackground.swift */,
				9FE571C52E8EC6D2008C4574 /* AdBannerView.swift */,
				9FE571CA2E912FEB008C4574 /* AnalysisLoaderView.swift */,
				9FE571CC2E926F5A008C4574 /* AdInterstitialView.swift */,
			);
			path = View;
			sourceTree = "<group>";
		};
/* End PBXGroup section */

/* Begin PBXNativeTarget section */
		BEDFF0782CC8FB4800BB69B2 /* FriendZone */ = {
			isa = PBXNativeTarget;
			buildConfigurationList = BEDFF0892CC8FB4A00BB69B2 /* Build configuration list for PBXNativeTarget "FriendZone" */;
			buildPhases = (
				BEDFF0752CC8FB4800BB69B2 /* Sources */,
				BEDFF0762CC8FB4800BB69B2 /* Frameworks */,
				BEDFF0772CC8FB4800BB69B2 /* Resources */,
			);
			buildRules = (
			);
			dependencies = (
			);
			name = FriendZone;
			productName = FriendZone;
			productReference = BEDFF0792CC8FB4800BB69B2 /* FriendZone.app */;
			productType = "com.apple.product-type.application";
		};
/* End PBXNativeTarget section */

/* Begin PBXProject section */
		BEDFF0712CC8FB4800BB69B2 /* Project object */ = {
			isa = PBXProject;
			attributes = {
				BuildIndependentTargetsInParallel = 1;
				LastSwiftUpdateCheck = 1540;
				LastUpgradeCheck = 1540;
				TargetAttributes = {
					BEDFF0782CC8FB4800BB69B2 = {
						CreatedOnToolsVersion = 15.4;
					};
				};
			};
			buildConfigurationList = BEDFF0742CC8FB4800BB69B2 /* Build configuration list for PBXProject "FriendZone" */;
			compatibilityVersion = "Xcode 14.0";
			developmentRegion = en;
			hasScannedForEncodings = 0;
			knownRegions = (
				en,
				Base,
			);
			mainGroup = BEDFF0702CC8FB4800BB69B2;
			packageReferences = (
				9FE571C22E8EC43C008C4574 /* XCRemoteSwiftPackageReference "swift-package-manager-google-mobile-ads" */,
			);
			productRefGroup = BEDFF07A2CC8FB4800BB69B2 /* Products */;
			projectDirPath = "";
			projectRoot = "";
			targets = (
				BEDFF0782CC8FB4800BB69B2 /* FriendZone */,
			);
		};
/* End PBXProject section */

/* Begin PBXResourcesBuildPhase section */
		BEDFF0772CC8FB4800BB69B2 /* Resources */ = {
			isa = PBXResourcesBuildPhase;
			buildActionMask = 2147483647;
			files = (
				BEDFF0862CC8FB4A00BB69B2 /* Preview Assets.xcassets in Resources */,
				BEDFF0982CC9199F00BB69B2 /* question.json in Resources */,
				9FEAFB582F961E7300E5ADF9 /* TestPurchases.storekit in Resources */,
				BEDFF0832CC8FB4A00BB69B2 /* Assets.xcassets in Resources */,
				BEE70E492CEE1BAE000C4B71 /* result.json in Resources */,
			);
			runOnlyForDeploymentPostprocessing = 0;
		};
/* End PBXResourcesBuildPhase section */

/* Begin PBXSourcesBuildPhase section */
		BEDFF0752CC8FB4800BB69B2 /* Sources */ = {
			isa = PBXSourcesBuildPhase;
			buildActionMask = 2147483647;
			files = (
				BEE70E512CEF35FC000C4B71 /* TextShimmer.swift in Sources */,
				BEDFF07F2CC8FB4800BB69B2 /* ContentView.swift in Sources */,
				9FE571CB2E912FEB008C4574 /* AnalysisLoaderView.swift in Sources */,
				9FE571C12E8EC3F6008C4574 /* AdInterstitialManager.swift in Sources */,
				BE0160012CF7544E00374673 /* CardChartView.swift in Sources */,
				BEE70E412CEDE6B9000C4B71 /* Result.swift in Sources */,
				BEDFF09A2CC9345200BB69B2 /* QuestionList.swift in Sources */,
				BEE379202CF9BF0D000F41AF /* FormHiddenBackground.swift in Sources */,
				BE015FFF2CF722E500374673 /* DataScore.swift in Sources */,
				BEA115912CE204CC0093DA74 /* ContentViewModel.swift in Sources */,
				BEDFF0A42CCB842500BB69B2 /* ResultView.swift in Sources */,
				9FE571CD2E926F5A008C4574 /* AdInterstitialView.swift in Sources */,
				BEDFF0A22CCB7C5B00BB69B2 /* FormData.swift in Sources */,
				BEE70E4B2CEE1BDA000C4B71 /* ResultLoader.swift in Sources */,
				BEDFF0902CC8FBD900BB69B2 /* Question.swift in Sources */,
				BEE70E4D2CEE21C7000C4B71 /* CommentResponse.swift in Sources */,
				BEDFF0A02CCA818900BB69B2 /* IntroducingQuestionView.swift in Sources */,
				BE5BAD4D2CE4EE06004ED756 /* CardView.swift in Sources */,
				9FE571C62E8EC6D2008C4574 /* AdBannerView.swift in Sources */,
				BEA115802CCBEAC40093DA74 /* FriendZoneRiskView.swift in Sources */,
				BEDFF07D2CC8FB4800BB69B2 /* FriendZoneApp.swift in Sources */,
				BEDFF09C2CC934F200BB69B2 /* QuestionLoader.swift in Sources */,
				BEA1158B2CD27BE70093DA74 /* FriendZoneQuestionsList.swift in Sources */,
				9FE571C92E911A07008C4574 /* PremiumManager.swift in Sources */,
				BEDFF0922CC8FC5E00BB69B2 /* Response.swift in Sources */,
				BEE70E4F2CEF35DE000C4B71 /* LaunchPage.swift in Sources */,
				BEA115842CCBF6990093DA74 /* AgeRange.swift in Sources */,
				BEA1158D2CD27C2A0093DA74 /* FriendZoneQuestion.swift in Sources */,
			);
			runOnlyForDeploymentPostprocessing = 0;
		};
/* End PBXSourcesBuildPhase section */

/* Begin XCBuildConfiguration section */
		BEDFF0872CC8FB4A00BB69B2 /* Debug */ = {
			isa = XCBuildConfiguration;
			buildSettings = {
				ALWAYS_SEARCH_USER_PATHS = NO;
				ASSETCATALOG_COMPILER_GENERATE_SWIFT_ASSET_SYMBOL_EXTENSIONS = YES;
				CLANG_ANALYZER_NONNULL = YES;
				CLANG_ANALYZER_NUMBER_OBJECT_CONVERSION = YES_AGGRESSIVE;
				CLANG_CXX_LANGUAGE_STANDARD = "gnu++20";
				CLANG_ENABLE_MODULES = YES;
				CLANG_ENABLE_OBJC_ARC = YES;
				CLANG_ENABLE_OBJC_WEAK = YES;
				CLANG_WARN_BLOCK_CAPTURE_AUTORELEASING = YES;
				CLANG_WARN_BOOL_CONVERSION = YES;
				CLANG_WARN_COMMA = YES;
				CLANG_WARN_CONSTANT_CONVERSION = YES;
				CLANG_WARN_DEPRECATED_OBJC_IMPLEMENTATIONS = YES;
				CLANG_WARN_DIRECT_OBJC_ISA_USAGE = YES_ERROR;
				CLANG_WARN_DOCUMENTATION_COMMENTS = YES;
				CLANG_WARN_EMPTY_BODY = YES;
				CLANG_WARN_ENUM_CONVERSION = YES;
				CLANG_WARN_INFINITE_RECURSION = YES;
				CLANG_WARN_INT_CONVERSION = YES;
				CLANG_WARN_NON_LITERAL_NULL_CONVERSION = YES;
				CLANG_WARN_OBJC_IMPLICIT_RETAIN_SELF = YES;
				CLANG_WARN_OBJC_LITERAL_CONVERSION = YES;
				CLANG_WARN_OBJC_ROOT_CLASS = YES_ERROR;
				CLANG_WARN_QUOTED_INCLUDE_IN_FRAMEWORK_HEADER = YES;
				CLANG_WARN_RANGE_LOOP_ANALYSIS = YES;
				CLANG_WARN_STRICT_PROTOTYPES = YES;
				CLANG_WARN_SUSPICIOUS_MOVE = YES;
				CLANG_WARN_UNGUARDED_AVAILABILITY = YES_AGGRESSIVE;
				CLANG_WARN_UNREACHABLE_CODE = YES;
				CLANG_WARN__DUPLICATE_METHOD_MATCH = YES;
				COPY_PHASE_STRIP = NO;
				DEBUG_INFORMATION_FORMAT = dwarf;
				ENABLE_STRICT_OBJC_MSGSEND = YES;
				ENABLE_TESTABILITY = YES;
				ENABLE_USER_SCRIPT_SANDBOXING = YES;
				GCC_C_LANGUAGE_STANDARD = gnu17;
				GCC_DYNAMIC_NO_PIC = NO;
				GCC_NO_COMMON_BLOCKS = YES;
				GCC_OPTIMIZATION_LEVEL = 0;
				GCC_PREPROCESSOR_DEFINITIONS = (
					"DEBUG=1",
					"$(inherited)",
				);
				GCC_WARN_64_TO_32_BIT_CONVERSION = YES;
				GCC_WARN_ABOUT_RETURN_TYPE = YES_ERROR;
				GCC_WARN_UNDECLARED_SELECTOR = YES;
				GCC_WARN_UNINITIALIZED_AUTOS = YES_AGGRESSIVE;
				GCC_WARN_UNUSED_FUNCTION = YES;
				GCC_WARN_UNUSED_VARIABLE = YES;
				IPHONEOS_DEPLOYMENT_TARGET = 17.5;
				LOCALIZATION_PREFERS_STRING_CATALOGS = YES;
				MTL_ENABLE_DEBUG_INFO = INCLUDE_SOURCE;
				MTL_FAST_MATH = YES;
				ONLY_ACTIVE_ARCH = YES;
				SDKROOT = iphoneos;
				SWIFT_ACTIVE_COMPILATION_CONDITIONS = "DEBUG $(inherited)";
				SWIFT_OPTIMIZATION_LEVEL = "-Onone";
			};
			name = Debug;
		};
		BEDFF0882CC8FB4A00BB69B2 /* Release */ = {
			isa = XCBuildConfiguration;
			buildSettings = {
				ALWAYS_SEARCH_USER_PATHS = NO;
				ASSETCATALOG_COMPILER_GENERATE_SWIFT_ASSET_SYMBOL_EXTENSIONS = YES;
				CLANG_ANALYZER_NONNULL = YES;
				CLANG_ANALYZER_NUMBER_OBJECT_CONVERSION = YES_AGGRESSIVE;
				CLANG_CXX_LANGUAGE_STANDARD = "gnu++20";
				CLANG_ENABLE_MODULES = YES;
				CLANG_ENABLE_OBJC_ARC = YES;
				CLANG_ENABLE_OBJC_WEAK = YES;
				CLANG_WARN_BLOCK_CAPTURE_AUTORELEASING = YES;
				CLANG_WARN_BOOL_CONVERSION = YES;
				CLANG_WARN_COMMA = YES;
				CLANG_WARN_CONSTANT_CONVERSION = YES;
				CLANG_WARN_DEPRECATED_OBJC_IMPLEMENTATIONS = YES;
				CLANG_WARN_DIRECT_OBJC_ISA_USAGE = YES_ERROR;
				CLANG_WARN_DOCUMENTATION_COMMENTS = YES;
				CLANG_WARN_EMPTY_BODY = YES;
				CLANG_WARN_ENUM_CONVERSION = YES;
				CLANG_WARN_INFINITE_RECURSION = YES;
				CLANG_WARN_INT_CONVERSION = YES;
				CLANG_WARN_NON_LITERAL_NULL_CONVERSION = YES;
				CLANG_WARN_OBJC_IMPLICIT_RETAIN_SELF = YES;
				CLANG_WARN_OBJC_LITERAL_CONVERSION = YES;
				CLANG_WARN_OBJC_ROOT_CLASS = YES_ERROR;
				CLANG_WARN_QUOTED_INCLUDE_IN_FRAMEWORK_HEADER = YES;
				CLANG_WARN_RANGE_LOOP_ANALYSIS = YES;
				CLANG_WARN_STRICT_PROTOTYPES = YES;
				CLANG_WARN_SUSPICIOUS_MOVE = YES;
				CLANG_WARN_UNGUARDED_AVAILABILITY = YES_AGGRESSIVE;
				CLANG_WARN_UNREACHABLE_CODE = YES;
				CLANG_WARN__DUPLICATE_METHOD_MATCH = YES;
				COPY_PHASE_STRIP = NO;
				DEBUG_INFORMATION_FORMAT = "dwarf-with-dsym";
				ENABLE_NS_ASSERTIONS = NO;
				ENABLE_STRICT_OBJC_MSGSEND = YES;
				ENABLE_USER_SCRIPT_SANDBOXING = YES;
				GCC_C_LANGUAGE_STANDARD = gnu17;
				GCC_NO_COMMON_BLOCKS = YES;
				GCC_WARN_64_TO_32_BIT_CONVERSION = YES;
				GCC_WARN_ABOUT_RETURN_TYPE = YES_ERROR;
				GCC_WARN_UNDECLARED_SELECTOR = YES;
				GCC_WARN_UNINITIALIZED_AUTOS = YES_AGGRESSIVE;
				GCC_WARN_UNUSED_FUNCTION = YES;
				GCC_WARN_UNUSED_VARIABLE = YES;
				IPHONEOS_DEPLOYMENT_TARGET = 17.5;
				LOCALIZATION_PREFERS_STRING_CATALOGS = YES;
				MTL_ENABLE_DEBUG_INFO = NO;
				MTL_FAST_MATH = YES;
				SDKROOT = iphoneos;
				SWIFT_COMPILATION_MODE = wholemodule;
				VALIDATE_PRODUCT = YES;
			};
			name = Release;
		};
		BEDFF08A2CC8FB4A00BB69B2 /* Debug */ = {
			isa = XCBuildConfiguration;
			buildSettings = {
				ASSETCATALOG_COMPILER_APPICON_NAME = AppIcon;
				ASSETCATALOG_COMPILER_GLOBAL_ACCENT_COLOR_NAME = AccentColor;
				CODE_SIGN_IDENTITY = "Apple Development";
				CODE_SIGN_STYLE = Automatic;
				CURRENT_PROJECT_VERSION = 1;
				DEVELOPMENT_ASSET_PATHS = "\"FriendZone/Preview Content\"";
				DEVELOPMENT_TEAM = JW5QDUDC7K;
				ENABLE_PREVIEWS = YES;
				GENERATE_INFOPLIST_FILE = YES;
				INFOPLIST_FILE = FriendZone/Info.plist;
				INFOPLIST_KEY_CFBundleDisplayName = Friendzone;
				INFOPLIST_KEY_LSApplicationCategoryType = "public.app-category.entertainment";
				INFOPLIST_KEY_UIApplicationSceneManifest_Generation = YES;
				INFOPLIST_KEY_UIApplicationSupportsIndirectInputEvents = YES;
				INFOPLIST_KEY_UILaunchScreen_Generation = YES;
				INFOPLIST_KEY_UISupportedInterfaceOrientations = UIInterfaceOrientationPortrait;
				INFOPLIST_KEY_UISupportedInterfaceOrientations_iPad = "UIInterfaceOrientationLandscapeLeft UIInterfaceOrientationLandscapeRight UIInterfaceOrientationPortrait UIInterfaceOrientationPortraitUpsideDown";
				IPHONEOS_DEPLOYMENT_TARGET = 16.6;
				LD_RUNPATH_SEARCH_PATHS = (
					"$(inherited)",
					"@executable_path/Frameworks",
				);
				MARKETING_VERSION = 1.0.5;
				PRODUCT_BUNDLE_IDENTIFIER = sliceofdigital.FriendZone;
				PRODUCT_NAME = "$(TARGET_NAME)";
				PROVISIONING_PROFILE_SPECIFIER = "";
				SUPPORTED_PLATFORMS = "iphoneos iphonesimulator";
				SUPPORTS_MACCATALYST = NO;
				SUPPORTS_MAC_DESIGNED_FOR_IPHONE_IPAD = NO;
				SUPPORTS_XR_DESIGNED_FOR_IPHONE_IPAD = NO;
				SWIFT_EMIT_LOC_STRINGS = YES;
				SWIFT_VERSION = 5.0;
				TARGETED_DEVICE_FAMILY = 1;
			};
			name = Debug;
		};
		BEDFF08B2CC8FB4A00BB69B2 /* Release */ = {
			isa = XCBuildConfiguration;
			buildSettings = {
				ASSETCATALOG_COMPILER_APPICON_NAME = AppIcon;
				ASSETCATALOG_COMPILER_GLOBAL_ACCENT_COLOR_NAME = AccentColor;
				CODE_SIGN_IDENTITY = "Apple Development";
				CODE_SIGN_STYLE = Automatic;
				CURRENT_PROJECT_VERSION = 1;
				DEVELOPMENT_ASSET_PATHS = "\"FriendZone/Preview Content\"";
				DEVELOPMENT_TEAM = JW5QDUDC7K;
				ENABLE_PREVIEWS = YES;
				GENERATE_INFOPLIST_FILE = YES;
				INFOPLIST_FILE = FriendZone/Info.plist;
				INFOPLIST_KEY_CFBundleDisplayName = Friendzone;
				INFOPLIST_KEY_LSApplicationCategoryType = "public.app-category.entertainment";
				INFOPLIST_KEY_UIApplicationSceneManifest_Generation = YES;
				INFOPLIST_KEY_UIApplicationSupportsIndirectInputEvents = YES;
				INFOPLIST_KEY_UILaunchScreen_Generation = YES;
				INFOPLIST_KEY_UISupportedInterfaceOrientations = UIInterfaceOrientationPortrait;
				INFOPLIST_KEY_UISupportedInterfaceOrientations_iPad = "UIInterfaceOrientationLandscapeLeft UIInterfaceOrientationLandscapeRight UIInterfaceOrientationPortrait UIInterfaceOrientationPortraitUpsideDown";
				IPHONEOS_DEPLOYMENT_TARGET = 16.6;
				LD_RUNPATH_SEARCH_PATHS = (
					"$(inherited)",
					"@executable_path/Frameworks",
				);
				MARKETING_VERSION = 1.0.5;
				PRODUCT_BUNDLE_IDENTIFIER = sliceofdigital.FriendZone;
				PRODUCT_NAME = "$(TARGET_NAME)";
				PROVISIONING_PROFILE_SPECIFIER = "";
				SUPPORTED_PLATFORMS = "iphoneos iphonesimulator";
				SUPPORTS_MACCATALYST = NO;
				SUPPORTS_MAC_DESIGNED_FOR_IPHONE_IPAD = NO;
				SUPPORTS_XR_DESIGNED_FOR_IPHONE_IPAD = NO;
				SWIFT_EMIT_LOC_STRINGS = YES;
				SWIFT_VERSION = 5.0;
				TARGETED_DEVICE_FAMILY = 1;
			};
			name = Release;
		};
/* End XCBuildConfiguration section */

/* Begin XCConfigurationList section */
		BEDFF0742CC8FB4800BB69B2 /* Build configuration list for PBXProject "FriendZone" */ = {
			isa = XCConfigurationList;
			buildConfigurations = (
				BEDFF0872CC8FB4A00BB69B2 /* Debug */,
				BEDFF0882CC8FB4A00BB69B2 /* Release */,
			);
			defaultConfigurationIsVisible = 0;
			defaultConfigurationName = Release;
		};
		BEDFF0892CC8FB4A00BB69B2 /* Build configuration list for PBXNativeTarget "FriendZone" */ = {
			isa = XCConfigurationList;
			buildConfigurations = (
				BEDFF08A2CC8FB4A00BB69B2 /* Debug */,
				BEDFF08B2CC8FB4A00BB69B2 /* Release */,
			);
			defaultConfigurationIsVisible = 0;
			defaultConfigurationName = Release;
		};
/* End XCConfigurationList section */

/* Begin XCRemoteSwiftPackageReference section */
		9FE571C22E8EC43C008C4574 /* XCRemoteSwiftPackageReference "swift-package-manager-google-mobile-ads" */ = {
			isa = XCRemoteSwiftPackageReference;
			repositoryURL = "https://github.com/googleads/swift-package-manager-google-mobile-ads";
			requirement = {
				kind = upToNextMajorVersion;
				minimumVersion = 12.11.0;
			};
		};
/* End XCRemoteSwiftPackageReference section */

/* Begin XCSwiftPackageProductDependency section */
		9F3432AD2F7E6934008E523C /* GoogleMobileAds */ = {
			isa = XCSwiftPackageProductDependency;
			package = 9FE571C22E8EC43C008C4574 /* XCRemoteSwiftPackageReference "swift-package-manager-google-mobile-ads" */;
			productName = GoogleMobileAds;
		};
		9FE571C32E8EC43C008C4574 /* GoogleMobileAds */ = {
			isa = XCSwiftPackageProductDependency;
			package = 9FE571C22E8EC43C008C4574 /* XCRemoteSwiftPackageReference "swift-package-manager-google-mobile-ads" */;
			productName = GoogleMobileAds;
		};
/* End XCSwiftPackageProductDependency section */
	};
	rootObject = BEDFF0712CC8FB4800BB69B2 /* Project object */;
}
